
Microsoft Visual Studio Solution File, Format Version 12.00
# Visual Studio 15
VisualStudioVersion = 15.0.27004.2006
MinimumVisualStudioVersion = 10.0.40219.1
Project("{FAE04EC0-301F-11D3-BF4B-00C04F79EFBC}") = "ChallengeHeroMonsterPart2", "ChallengeHeroMonsterPart2\ChallengeHeroMonsterPart2.csproj", "{3ED18FB7-A05C-492E-ABB0-2ADF200EE1EE}"
EndProject
Global
	GlobalSection(SolutionConfigurationPlatforms) = preSolution
		Debug|Any CPU = Debug|Any CPU
		Release|Any CPU = Release|Any CPU
	EndGlobalSection
	GlobalSection(ProjectConfigurationPlatforms) = postSolution
		{3ED18FB7-A05C-492E-ABB0-2ADF200EE1EE}.Debug|Any CPU.ActiveCfg = Debug|Any CPU
		{3ED18FB7-A05C-492E-ABB0-2ADF200EE1EE}.Debug|Any CPU.Build.0 = Debug|Any CPU
		{3ED18FB7-A05C-492E-ABB0-2ADF200EE1EE}.Release|Any CPU.ActiveCfg = Release|Any CPU
		{3ED18FB7-A05C-492E-ABB0-2ADF200EE1EE}.Release|Any CPU.Build.0 = Release|Any CPU
	EndGlobalSection
	GlobalSection(SolutionProperties) = preSolution
		HideSolutionNode = FALSE
	EndGlobalSection
	GlobalSection(ExtensibilityGlobals) = postSolution
		SolutionGuid = {09A62C15-FC7C-4FF2-BA12-A4EBAE0BBF46}
	EndGlobalSection
EndGlobal
